
Microsoft Visual Studio Solution File, Format Version 12.00
# Visual Studio Version 17
VisualStudioVersion = 17.2.32519.379
MinimumVisualStudioVersion = 10.0.40219.1
Project("{FAE04EC0-301F-11D3-BF4B-00C04F79EFBC}") = "SP1Rodriguez", "SP1Rodriguez\SP1Rodriguez.csproj", "{CAC2A9E1-E796-476A-B11E-0AD28A6EF6EB}"
EndProject
Global
	GlobalSection(SolutionConfigurationPlatforms) = preSolution
		Debug|Any CPU = Debug|Any CPU
		Release|Any CPU = Release|Any CPU
	EndGlobalSection
	GlobalSection(ProjectConfigurationPlatforms) = postSolution
		{CAC2A9E1-E796-476A-B11E-0AD28A6EF6EB}.Debug|Any CPU.ActiveCfg = Debug|Any CPU
		{CAC2A9E1-E796-476A-B11E-0AD28A6EF6EB}.Debug|Any CPU.Build.0 = Debug|Any CPU
		{CAC2A9E1-E796-476A-B11E-0AD28A6EF6EB}.Release|Any CPU.ActiveCfg = Release|Any CPU
		{CAC2A9E1-E796-476A-B11E-0AD28A6EF6EB}.Release|Any CPU.Build.0 = Release|Any CPU
	EndGlobalSection
	GlobalSection(SolutionProperties) = preSolution
		HideSolutionNode = FALSE
	EndGlobalSection
	GlobalSection(ExtensibilityGlobals) = postSolution
		SolutionGuid = {C7373B4D-2DAD-428C-94FD-FF5FD26F0EE5}
	EndGlobalSection
EndGlobal
